Microsoft Visual Studio Solution File, Format Version 12.00
# Visual Studio Version 16
VisualStudioVersion = 16.0.29905.134
MinimumVisualStudioVersion = 10.0.40219.1
Project("{8BC9CEB8-8B4A-11D0-8D11-00A0C91BC942}") = "ShowPermissions", "ShowPermissions.vcxproj", "{3C049DBE-62EC-46E3-8461-F92C43DC099B}"
EndProject
Global
	GlobalSection(SolutionConfigurationPlatforms) = preSolution
		Debug|Win32 = Debug|Win32
		Debug|x64 = Debug|x64
	EndGlobalSection
	GlobalSection(ProjectConfigurationPlatforms) = postSolution
		{3C049DBE-62EC-46E3-8461-F92C43DC099B}.Debug|Win32.ActiveCfg = Debug|Win32
		{3C049DBE-62EC-46E3-8461-F92C43DC099B}.Debug|Win32.Build.0 = Debug|Win32
		{3C049DBE-62EC-46E3-8461-F92C43DC099B}.Debug|x64.ActiveCfg = Debug|x64
		{3C049DBE-62EC-46E3-8461-F92C43DC099B}.Debug|x64.Build.0 = Debug|x64
	EndGlobalSection
	GlobalSection(SolutionProperties) = preSolution
		HideSolutionNode = FALSE
	EndGlobalSection
	GlobalSection(ExtensibilityGlobals) = postSolution
		SolutionGuid = {4455D86E-4275-47D5-8CE5-0A2FC28210C2}
	EndGlobalSection
EndGlobal
