Microsoft Visual Studio Solution File, Format Version 12.00
# Visual Studio Version 16
VisualStudioVersion = 16.0.29905.134
MinimumVisualStudioVersion = 10.0.40219.1
Project("{F184B08F-C81C-45F6-A57F-5ABD9991F28F}") = "AcrobatActiveXVB", "AcrobatActiveXVB\AcrobatActiveXVB.vbproj", "{5061890A-4F3E-45D0-9679-59021F646686}"
EndProject
Global
	GlobalSection(SolutionConfigurationPlatforms) = preSolution
		Debug|Any CPU = Debug|Any CPU
		Debug|x64 = Debug|x64
	EndGlobalSection
	GlobalSection(ProjectConfigurationPlatforms) = postSolution
		{5061890A-4F3E-45D0-9679-59021F646686}.Debug|Any CPU.ActiveCfg = Debug|Any CPU
		{5061890A-4F3E-45D0-9679-59021F646686}.Debug|Any CPU.Build.0 = Debug|Any CPU
		{5061890A-4F3E-45D0-9679-59021F646686}.Debug|x64.ActiveCfg = Debug|x64
		{5061890A-4F3E-45D0-9679-59021F646686}.Debug|x64.Build.0 = Debug|x64
	EndGlobalSection
	GlobalSection(SolutionProperties) = preSolution
		HideSolutionNode = FALSE
	EndGlobalSection
	GlobalSection(ExtensibilityGlobals) = postSolution
		SolutionGuid = {A98D6110-6BDA-4080-B599-98F87C119F34}
	EndGlobalSection
EndGlobal
