Microsoft Visual Studio Solution File, Format Version 12.00
# Visual Studio Version 16
VisualStudioVersion = 16.0.29905.134
MinimumVisualStudioVersion = 10.0.40219.1
Project("{F184B08F-C81C-45F6-A57F-5ABD9991F28F}") = "AdobePDFSilent", "AdobePDFSilent\AdobePDFSilent.vbproj", "{F4498713-2852-44BA-B6B6-F3BFD5CD4A14}"
EndProject
Global
	GlobalSection(SolutionConfigurationPlatforms) = preSolution
		Debug|Any CPU = Debug|Any CPU
		Debug|x64 = Debug|x64
	EndGlobalSection
	GlobalSection(ProjectConfigurationPlatforms) = postSolution
		{F4498713-2852-44BA-B6B6-F3BFD5CD4A14}.Debug|Any CPU.ActiveCfg = Debug|Any CPU
		{F4498713-2852-44BA-B6B6-F3BFD5CD4A14}.Debug|Any CPU.Build.0 = Debug|Any CPU
		{F4498713-2852-44BA-B6B6-F3BFD5CD4A14}.Debug|x64.ActiveCfg = Debug|x64
		{F4498713-2852-44BA-B6B6-F3BFD5CD4A14}.Debug|x64.Build.0 = Debug|x64
	EndGlobalSection
	GlobalSection(SolutionProperties) = preSolution
		HideSolutionNode = FALSE
	EndGlobalSection
	GlobalSection(ExtensibilityGlobals) = postSolution
		SolutionGuid = {9DBA8167-344B-4C2C-B547-D2C449B0BC36}
	EndGlobalSection
EndGlobal
